{
  "name": "spectral-action",
  "version": "1.0.0",
  "lockfileVersion": 1,
  "requires": true,
  "dependencies": {
    "funfix": {
      "version": "7.0.1",
      "resolved": "https://registry.npmjs.org/funfix/-/funfix-7.0.1.tgz",
      "integrity": "sha1-qjO3FiKxi8ZVcHleH3UZnwm9rdo=",
      "requires": {
        "funfix-core": "^7.0.1",
        "funfix-effect": "^7.0.1",
        "funfix-exec": "^7.0.1",
        "funland": "^0.1.4"
      }
    },
    "funfix-core": {
      "version": "7.0.1",
      "resolved": "https://registry.npmjs.org/funfix-core/-/funfix-core-7.0.1.tgz",
      "integrity": "sha1-iUqfOe9YLF1tzJ7zhDgdEoGegJQ=",
      "requires": {
        "funland": "^0.1.4"
      }
    },
    "funfix-effect": {
      "version": "7.0.1",
      "resolved": "https://registry.npmjs.org/funfix-effect/-/funfix-effect-7.0.1.tgz",
      "integrity": "sha1-cV8MVaWa5SBZXafjn5qx4jlUQGk=",
      "requires": {
        "funfix-core": "^7.0.1",
        "funfix-exec": "^7.0.1",
        "funland": "^0.1.4"
      }
    },
    "funfix-exec": {
      "version": "7.0.1",
      "resolved": "https://registry.npmjs.org/funfix-exec/-/funfix-exec-7.0.1.tgz",
      "integrity": "sha1-guR27EopgXzLR0CxcAwKHZwXc04=",
      "requires": {
        "funfix-core": "^7.0.1",
        "funland": "^0.1.4"
      }
    },
    "funland": {
      "version": "0.1.5",
      "resolved": "https://registry.npmjs.org/funland/-/funland-0.1.5.tgz",
      "integrity": "sha512-rwAiqVgWEj3+OrIlARf0ebHwcuoAqukkiqfq3+FPf1FAa2/tbdvxr/FPjJD3FnljSuktwWM3f8jHNRS6ASJIsw=="
    },
    "typescript": {
      "version": "3.3.3",
      "resolved": "https://registry.npmjs.org/typescript/-/typescript-3.3.3.tgz",
      "integrity": "sha512-Y21Xqe54TBVp+VDSNbuDYdGw0BpoR/Q6wo/+35M8PAU0vipahnyduJWirxxdxjsAkS7hue53x2zp8gz7F05u0A==",
      "dev": true
    }
  }
}
